# THIS IS AN AUTOGENERATED FILE. DO NOT EDIT THIS FILE DIRECTLY.
# yarn lockfile v1


"@types/node@^18.11.2":
  "integrity" "sha512-BWN3M23gLO2jVG8g/XHIRFWiiV4/GckeFIqbU/C4V3xpoBBWSMk4OZomouN0wCkfQFPqgZikyLr7DOYDysIkkw=="
  "resolved" "https://registry.npmjs.org/@types/node/-/node-18.11.2.tgz"
  "version" "18.11.2"

"fs@^0.0.1-security":
  "integrity" "sha512-3XY9e1pP0CVEUCdj5BmfIZxRBTSDycnbqhIOGec9QYtmVH2fbLpj86CFWkrNOkt/Fvty4KZG5lTglL9j/gJ87w=="
  "resolved" "https://registry.npmjs.org/fs/-/fs-0.0.1-security.tgz"
  "version" "0.0.1-security"
